{
	"name": "bdf.util",
	"version": "1.0.15",
	"lockfileVersion": 1,
	"requires": true,
	"dependencies": {
		"bmp.util": {
			"version": "git+https://git@github.com/anzerr/bmp.util.git#1e3981c113d87045b60870e9a3b42aab8abdfc21",
			"from": "git+https://git@github.com/anzerr/bmp.util.git",
			"dev": true
		},
		"fs.promisify": {
			"version": "git+https://git@github.com/anzerr/fs.promisify.git#b218e55d2bc34a81f08efe3f7ef9d6e72e716546",
			"from": "git+https://git@github.com/anzerr/fs.promisify.git"
		}
	}
}
